
Microsoft Visual Studio Solution File, Format Version 12.00
# Visual Studio Version 17
VisualStudioVersion = 17.1.32328.378
MinimumVisualStudioVersion = 10.0.40219.1
Project("{FAE04EC0-301F-11D3-BF4B-00C04F79EFBC}") = "01.Masterchef", "01.Masterchef\01.Masterchef.csproj", "{7D6A1575-3914-430A-B077-B95D133A93BD}"
EndProject
Project("{FAE04EC0-301F-11D3-BF4B-00C04F79EFBC}") = "02.Survivor", "..\02.Survivor\02.Survivor.csproj", "{6B670380-0A9A-4ECA-9622-84B9169C9692}"
EndProject
Project("{9A19103F-16F7-4668-BE54-9A1E7A4F7556}") = "SkiRental", "..\SkiRental\SkiRental.csproj", "{7464C306-F2FD-47FE-ABA5-FE65ED5B5953}"
EndProject
Global
	GlobalSection(SolutionConfigurationPlatforms) = preSolution
		Debug|Any CPU = Debug|Any CPU
		Release|Any CPU = Release|Any CPU
	EndGlobalSection
	GlobalSection(ProjectConfigurationPlatforms) = postSolution
		{7D6A1575-3914-430A-B077-B95D133A93BD}.Debug|Any CPU.ActiveCfg = Debug|Any CPU
		{7D6A1575-3914-430A-B077-B95D133A93BD}.Debug|Any CPU.Build.0 = Debug|Any CPU
		{7D6A1575-3914-430A-B077-B95D133A93BD}.Release|Any CPU.ActiveCfg = Release|Any CPU
		{7D6A1575-3914-430A-B077-B95D133A93BD}.Release|Any CPU.Build.0 = Release|Any CPU
		{6B670380-0A9A-4ECA-9622-84B9169C9692}.Debug|Any CPU.ActiveCfg = Debug|Any CPU
		{6B670380-0A9A-4ECA-9622-84B9169C9692}.Debug|Any CPU.Build.0 = Debug|Any CPU
		{6B670380-0A9A-4ECA-9622-84B9169C9692}.Release|Any CPU.ActiveCfg = Release|Any CPU
		{6B670380-0A9A-4ECA-9622-84B9169C9692}.Release|Any CPU.Build.0 = Release|Any CPU
		{7464C306-F2FD-47FE-ABA5-FE65ED5B5953}.Debug|Any CPU.ActiveCfg = Debug|Any CPU
		{7464C306-F2FD-47FE-ABA5-FE65ED5B5953}.Debug|Any CPU.Build.0 = Debug|Any CPU
		{7464C306-F2FD-47FE-ABA5-FE65ED5B5953}.Release|Any CPU.ActiveCfg = Release|Any CPU
		{7464C306-F2FD-47FE-ABA5-FE65ED5B5953}.Release|Any CPU.Build.0 = Release|Any CPU
	EndGlobalSection
	GlobalSection(SolutionProperties) = preSolution
		HideSolutionNode = FALSE
	EndGlobalSection
	GlobalSection(ExtensibilityGlobals) = postSolution
		SolutionGuid = {68BBBAC8-97A8-47E0-8E0B-261E6D03E7E1}
	EndGlobalSection
EndGlobal
