
Microsoft Visual Studio Solution File, Format Version 12.00
# Visual Studio Version 17
VisualStudioVersion = 17.1.32328.378
MinimumVisualStudioVersion = 10.0.40219.1
Project("{FAE04EC0-301F-11D3-BF4B-00C04F79EFBC}") = "01.  Meal Plan", "01.  Meal Plan\01.  Meal Plan.csproj", "{FF2FF8E1-6CDA-450B-A848-19CB3E3EE227}"
EndProject
Project("{FAE04EC0-301F-11D3-BF4B-00C04F79EFBC}") = "02. Beaver at Work", "..\02. Beaver at Work\02. Beaver at Work.csproj", "{2ED95AFA-1A2B-4B03-9A21-6ED7E55D9F85}"
EndProject
Global
	GlobalSection(SolutionConfigurationPlatforms) = preSolution
		Debug|Any CPU = Debug|Any CPU
		Release|Any CPU = Release|Any CPU
	EndGlobalSection
	GlobalSection(ProjectConfigurationPlatforms) = postSolution
		{FF2FF8E1-6CDA-450B-A848-19CB3E3EE227}.Debug|Any CPU.ActiveCfg = Debug|Any CPU
		{FF2FF8E1-6CDA-450B-A848-19CB3E3EE227}.Debug|Any CPU.Build.0 = Debug|Any CPU
		{FF2FF8E1-6CDA-450B-A848-19CB3E3EE227}.Release|Any CPU.ActiveCfg = Release|Any CPU
		{FF2FF8E1-6CDA-450B-A848-19CB3E3EE227}.Release|Any CPU.Build.0 = Release|Any CPU
		{2ED95AFA-1A2B-4B03-9A21-6ED7E55D9F85}.Debug|Any CPU.ActiveCfg = Debug|Any CPU
		{2ED95AFA-1A2B-4B03-9A21-6ED7E55D9F85}.Debug|Any CPU.Build.0 = Debug|Any CPU
		{2ED95AFA-1A2B-4B03-9A21-6ED7E55D9F85}.Release|Any CPU.ActiveCfg = Release|Any CPU
		{2ED95AFA-1A2B-4B03-9A21-6ED7E55D9F85}.Release|Any CPU.Build.0 = Release|Any CPU
	EndGlobalSection
	GlobalSection(SolutionProperties) = preSolution
		HideSolutionNode = FALSE
	EndGlobalSection
	GlobalSection(ExtensibilityGlobals) = postSolution
		SolutionGuid = {2BAAF3D7-D744-46B6-A487-F16422734955}
	EndGlobalSection
EndGlobal
