
Microsoft Visual Studio Solution File, Format Version 12.00
# Visual Studio Version 17
VisualStudioVersion = 17.1.32328.378
MinimumVisualStudioVersion = 10.0.40219.1
Project("{FAE04EC0-301F-11D3-BF4B-00C04F79EFBC}") = "P01. Count Same Values in Array", "P01. Count Same Values in Array\P01. Count Same Values in Array.csproj", "{6DA4E250-A3A9-4175-8DFE-2CED71FC0FEE}"
EndProject
Project("{FAE04EC0-301F-11D3-BF4B-00C04F79EFBC}") = "P02. Average Student Grades", "..\P02. Average Student Grades\P02. Average Student Grades.csproj", "{76828CC2-E59B-4334-AAB3-0866DDDE9CA5}"
EndProject
Project("{FAE04EC0-301F-11D3-BF4B-00C04F79EFBC}") = "P03. Largest 3 Numbers", "..\P03. Largest 3 Numbers\P03. Largest 3 Numbers.csproj", "{07D69AB3-35C5-437D-9910-FFC6EF1187EE}"
EndProject
Project("{FAE04EC0-301F-11D3-BF4B-00C04F79EFBC}") = "P05. Cities by Continent and Country", "..\P05. Cities by Continent and Country\P05. Cities by Continent and Country.csproj", "{7FC58EE1-CED6-42CB-8AE6-00F1A485B43B}"
EndProject
Project("{FAE04EC0-301F-11D3-BF4B-00C04F79EFBC}") = "P04. Product Shop", "P04. Product Shop\P04. Product Shop.csproj", "{B1E10986-3225-4491-AAED-87AD5B57C939}"
EndProject
Project("{FAE04EC0-301F-11D3-BF4B-00C04F79EFBC}") = "P06. Record Unique Names", "..\P06. Record Unique Names\P06. Record Unique Names.csproj", "{61FFBD6C-080A-427F-8F79-20C92C63E8C2}"
EndProject
Global
	GlobalSection(SolutionConfigurationPlatforms) = preSolution
		Debug|Any CPU = Debug|Any CPU
		Release|Any CPU = Release|Any CPU
	EndGlobalSection
	GlobalSection(ProjectConfigurationPlatforms) = postSolution
		{6DA4E250-A3A9-4175-8DFE-2CED71FC0FEE}.Debug|Any CPU.ActiveCfg = Debug|Any CPU
		{6DA4E250-A3A9-4175-8DFE-2CED71FC0FEE}.Debug|Any CPU.Build.0 = Debug|Any CPU
		{6DA4E250-A3A9-4175-8DFE-2CED71FC0FEE}.Release|Any CPU.ActiveCfg = Release|Any CPU
		{6DA4E250-A3A9-4175-8DFE-2CED71FC0FEE}.Release|Any CPU.Build.0 = Release|Any CPU
		{76828CC2-E59B-4334-AAB3-0866DDDE9CA5}.Debug|Any CPU.ActiveCfg = Debug|Any CPU
		{76828CC2-E59B-4334-AAB3-0866DDDE9CA5}.Debug|Any CPU.Build.0 = Debug|Any CPU
		{76828CC2-E59B-4334-AAB3-0866DDDE9CA5}.Release|Any CPU.ActiveCfg = Release|Any CPU
		{76828CC2-E59B-4334-AAB3-0866DDDE9CA5}.Release|Any CPU.Build.0 = Release|Any CPU
		{07D69AB3-35C5-437D-9910-FFC6EF1187EE}.Debug|Any CPU.ActiveCfg = Debug|Any CPU
		{07D69AB3-35C5-437D-9910-FFC6EF1187EE}.Debug|Any CPU.Build.0 = Debug|Any CPU
		{07D69AB3-35C5-437D-9910-FFC6EF1187EE}.Release|Any CPU.ActiveCfg = Release|Any CPU
		{07D69AB3-35C5-437D-9910-FFC6EF1187EE}.Release|Any CPU.Build.0 = Release|Any CPU
		{7FC58EE1-CED6-42CB-8AE6-00F1A485B43B}.Debug|Any CPU.ActiveCfg = Debug|Any CPU
		{7FC58EE1-CED6-42CB-8AE6-00F1A485B43B}.Debug|Any CPU.Build.0 = Debug|Any CPU
		{7FC58EE1-CED6-42CB-8AE6-00F1A485B43B}.Release|Any CPU.ActiveCfg = Release|Any CPU
		{7FC58EE1-CED6-42CB-8AE6-00F1A485B43B}.Release|Any CPU.Build.0 = Release|Any CPU
		{B1E10986-3225-4491-AAED-87AD5B57C939}.Debug|Any CPU.ActiveCfg = Debug|Any CPU
		{B1E10986-3225-4491-AAED-87AD5B57C939}.Debug|Any CPU.Build.0 = Debug|Any CPU
		{B1E10986-3225-4491-AAED-87AD5B57C939}.Release|Any CPU.ActiveCfg = Release|Any CPU
		{B1E10986-3225-4491-AAED-87AD5B57C939}.Release|Any CPU.Build.0 = Release|Any CPU
		{61FFBD6C-080A-427F-8F79-20C92C63E8C2}.Debug|Any CPU.ActiveCfg = Debug|Any CPU
		{61FFBD6C-080A-427F-8F79-20C92C63E8C2}.Debug|Any CPU.Build.0 = Debug|Any CPU
		{61FFBD6C-080A-427F-8F79-20C92C63E8C2}.Release|Any CPU.ActiveCfg = Release|Any CPU
		{61FFBD6C-080A-427F-8F79-20C92C63E8C2}.Release|Any CPU.Build.0 = Release|Any CPU
	EndGlobalSection
	GlobalSection(SolutionProperties) = preSolution
		HideSolutionNode = FALSE
	EndGlobalSection
	GlobalSection(ExtensibilityGlobals) = postSolution
		SolutionGuid = {BEF81825-E6B0-4FD1-A299-350313433704}
	EndGlobalSection
EndGlobal
