
Microsoft Visual Studio Solution File, Format Version 12.00
# Visual Studio Version 17
VisualStudioVersion = 17.1.32328.378
MinimumVisualStudioVersion = 10.0.40219.1
Project("{9A19103F-16F7-4668-BE54-9A1E7A4F7556}") = "1. Sum Matrix Elements", "1. Sum Matrix Elements\1. Sum Matrix Elements.csproj", "{C3854622-EF7B-4B23-BB0C-C70EA8E098C9}"
EndProject
Project("{9A19103F-16F7-4668-BE54-9A1E7A4F7556}") = "P02. Sum Matrix Columns", "P02. Sum Matrix Columns\P02. Sum Matrix Columns.csproj", "{89F1DFE1-C0D5-400A-BD5A-36B371C622AD}"
EndProject
Project("{9A19103F-16F7-4668-BE54-9A1E7A4F7556}") = "P05. Square with Maximum Sum", "P05. Square with Maximum Sum\P05. Square with Maximum Sum.csproj", "{7A1FCCB1-856C-4562-A7C2-7D81679DB765}"
EndProject
Project("{FAE04EC0-301F-11D3-BF4B-00C04F79EFBC}") = "P01.V1. Sum Matrix Elements", "P01.V1. Sum Matrix Elements\P01.V1. Sum Matrix Elements.csproj", "{7370C4BB-C4C0-47AE-8853-1C9A41689729}"
EndProject
Global
	GlobalSection(SolutionConfigurationPlatforms) = preSolution
		Debug|Any CPU = Debug|Any CPU
		Release|Any CPU = Release|Any CPU
	EndGlobalSection
	GlobalSection(ProjectConfigurationPlatforms) = postSolution
		{C3854622-EF7B-4B23-BB0C-C70EA8E098C9}.Debug|Any CPU.ActiveCfg = Debug|Any CPU
		{C3854622-EF7B-4B23-BB0C-C70EA8E098C9}.Debug|Any CPU.Build.0 = Debug|Any CPU
		{C3854622-EF7B-4B23-BB0C-C70EA8E098C9}.Release|Any CPU.ActiveCfg = Release|Any CPU
		{C3854622-EF7B-4B23-BB0C-C70EA8E098C9}.Release|Any CPU.Build.0 = Release|Any CPU
		{89F1DFE1-C0D5-400A-BD5A-36B371C622AD}.Debug|Any CPU.ActiveCfg = Debug|Any CPU
		{89F1DFE1-C0D5-400A-BD5A-36B371C622AD}.Debug|Any CPU.Build.0 = Debug|Any CPU
		{89F1DFE1-C0D5-400A-BD5A-36B371C622AD}.Release|Any CPU.ActiveCfg = Release|Any CPU
		{89F1DFE1-C0D5-400A-BD5A-36B371C622AD}.Release|Any CPU.Build.0 = Release|Any CPU
		{7A1FCCB1-856C-4562-A7C2-7D81679DB765}.Debug|Any CPU.ActiveCfg = Debug|Any CPU
		{7A1FCCB1-856C-4562-A7C2-7D81679DB765}.Debug|Any CPU.Build.0 = Debug|Any CPU
		{7A1FCCB1-856C-4562-A7C2-7D81679DB765}.Release|Any CPU.ActiveCfg = Release|Any CPU
		{7A1FCCB1-856C-4562-A7C2-7D81679DB765}.Release|Any CPU.Build.0 = Release|Any CPU
		{7370C4BB-C4C0-47AE-8853-1C9A41689729}.Debug|Any CPU.ActiveCfg = Debug|Any CPU
		{7370C4BB-C4C0-47AE-8853-1C9A41689729}.Debug|Any CPU.Build.0 = Debug|Any CPU
		{7370C4BB-C4C0-47AE-8853-1C9A41689729}.Release|Any CPU.ActiveCfg = Release|Any CPU
		{7370C4BB-C4C0-47AE-8853-1C9A41689729}.Release|Any CPU.Build.0 = Release|Any CPU
	EndGlobalSection
	GlobalSection(SolutionProperties) = preSolution
		HideSolutionNode = FALSE
	EndGlobalSection
	GlobalSection(ExtensibilityGlobals) = postSolution
		SolutionGuid = {30B72E2B-02FE-4C9C-9C6F-ECF008F4FC68}
	EndGlobalSection
EndGlobal
