
Microsoft Visual Studio Solution File, Format Version 12.00
# Visual Studio Version 17
VisualStudioVersion = 17.1.32328.378
MinimumVisualStudioVersion = 10.0.40219.1
Project("{9A19103F-16F7-4668-BE54-9A1E7A4F7556}") = "P02. Basic Queue Operations", "..\P02. Basic Queue Operations\P02. Basic Queue Operations.csproj", "{0F9F010A-9400-41C3-AD58-1A7CBC3BA36C}"
EndProject
Project("{FAE04EC0-301F-11D3-BF4B-00C04F79EFBC}") = "P01.Basic Stack Operations", "..\P01.Basic Stack Operations\P01.Basic Stack Operations.csproj", "{F9A76380-04C2-40DC-86E4-A66AAF527022}"
EndProject
Project("{FAE04EC0-301F-11D3-BF4B-00C04F79EFBC}") = "P03. Maximum and Minimum Element", "..\P03. Maximum and Minimum Element\P03. Maximum and Minimum Element.csproj", "{1BA7C7AD-1531-43FA-8C86-ADDC7BB0FFF8}"
EndProject
Project("{FAE04EC0-301F-11D3-BF4B-00C04F79EFBC}") = "P04. Fast Food", "..\P04. Fast Food\P04. Fast Food.csproj", "{65C6B450-DCA5-47BF-AF9F-F2050F02D20E}"
EndProject
Project("{FAE04EC0-301F-11D3-BF4B-00C04F79EFBC}") = "P05. Fashion Boutique", "..\P05. Fashion Boutique\P05. Fashion Boutique.csproj", "{797AC197-D4C1-4BAF-AFCD-FFFE6B545604}"
EndProject
Project("{FAE04EC0-301F-11D3-BF4B-00C04F79EFBC}") = "P06. Songs Queue", "..\P06. Songs Queue\P06. Songs Queue.csproj", "{3B7144C9-0427-4E46-96C9-A12CFFC1121B}"
EndProject
Project("{FAE04EC0-301F-11D3-BF4B-00C04F79EFBC}") = "P07. Truck Tour", "..\P07. Truck Tour\P07. Truck Tour.csproj", "{6B1EAD41-8AE3-406B-B657-58BB5897A796}"
EndProject
Global
	GlobalSection(SolutionConfigurationPlatforms) = preSolution
		Debug|Any CPU = Debug|Any CPU
		Release|Any CPU = Release|Any CPU
	EndGlobalSection
	GlobalSection(ProjectConfigurationPlatforms) = postSolution
		{0F9F010A-9400-41C3-AD58-1A7CBC3BA36C}.Debug|Any CPU.ActiveCfg = Debug|Any CPU
		{0F9F010A-9400-41C3-AD58-1A7CBC3BA36C}.Debug|Any CPU.Build.0 = Debug|Any CPU
		{0F9F010A-9400-41C3-AD58-1A7CBC3BA36C}.Release|Any CPU.ActiveCfg = Release|Any CPU
		{0F9F010A-9400-41C3-AD58-1A7CBC3BA36C}.Release|Any CPU.Build.0 = Release|Any CPU
		{F9A76380-04C2-40DC-86E4-A66AAF527022}.Debug|Any CPU.ActiveCfg = Debug|Any CPU
		{F9A76380-04C2-40DC-86E4-A66AAF527022}.Debug|Any CPU.Build.0 = Debug|Any CPU
		{F9A76380-04C2-40DC-86E4-A66AAF527022}.Release|Any CPU.ActiveCfg = Release|Any CPU
		{F9A76380-04C2-40DC-86E4-A66AAF527022}.Release|Any CPU.Build.0 = Release|Any CPU
		{1BA7C7AD-1531-43FA-8C86-ADDC7BB0FFF8}.Debug|Any CPU.ActiveCfg = Debug|Any CPU
		{1BA7C7AD-1531-43FA-8C86-ADDC7BB0FFF8}.Debug|Any CPU.Build.0 = Debug|Any CPU
		{1BA7C7AD-1531-43FA-8C86-ADDC7BB0FFF8}.Release|Any CPU.ActiveCfg = Release|Any CPU
		{1BA7C7AD-1531-43FA-8C86-ADDC7BB0FFF8}.Release|Any CPU.Build.0 = Release|Any CPU
		{65C6B450-DCA5-47BF-AF9F-F2050F02D20E}.Debug|Any CPU.ActiveCfg = Debug|Any CPU
		{65C6B450-DCA5-47BF-AF9F-F2050F02D20E}.Debug|Any CPU.Build.0 = Debug|Any CPU
		{65C6B450-DCA5-47BF-AF9F-F2050F02D20E}.Release|Any CPU.ActiveCfg = Release|Any CPU
		{65C6B450-DCA5-47BF-AF9F-F2050F02D20E}.Release|Any CPU.Build.0 = Release|Any CPU
		{797AC197-D4C1-4BAF-AFCD-FFFE6B545604}.Debug|Any CPU.ActiveCfg = Debug|Any CPU
		{797AC197-D4C1-4BAF-AFCD-FFFE6B545604}.Debug|Any CPU.Build.0 = Debug|Any CPU
		{797AC197-D4C1-4BAF-AFCD-FFFE6B545604}.Release|Any CPU.ActiveCfg = Release|Any CPU
		{797AC197-D4C1-4BAF-AFCD-FFFE6B545604}.Release|Any CPU.Build.0 = Release|Any CPU
		{3B7144C9-0427-4E46-96C9-A12CFFC1121B}.Debug|Any CPU.ActiveCfg = Debug|Any CPU
		{3B7144C9-0427-4E46-96C9-A12CFFC1121B}.Debug|Any CPU.Build.0 = Debug|Any CPU
		{3B7144C9-0427-4E46-96C9-A12CFFC1121B}.Release|Any CPU.ActiveCfg = Release|Any CPU
		{3B7144C9-0427-4E46-96C9-A12CFFC1121B}.Release|Any CPU.Build.0 = Release|Any CPU
		{6B1EAD41-8AE3-406B-B657-58BB5897A796}.Debug|Any CPU.ActiveCfg = Debug|Any CPU
		{6B1EAD41-8AE3-406B-B657-58BB5897A796}.Debug|Any CPU.Build.0 = Debug|Any CPU
		{6B1EAD41-8AE3-406B-B657-58BB5897A796}.Release|Any CPU.ActiveCfg = Release|Any CPU
		{6B1EAD41-8AE3-406B-B657-58BB5897A796}.Release|Any CPU.Build.0 = Release|Any CPU
	EndGlobalSection
	GlobalSection(SolutionProperties) = preSolution
		HideSolutionNode = FALSE
	EndGlobalSection
	GlobalSection(ExtensibilityGlobals) = postSolution
		SolutionGuid = {B332E20A-07F2-4652-B038-9ECA532A3300}
	EndGlobalSection
EndGlobal
