
Microsoft Visual Studio Solution File, Format Version 12.00
# Visual Studio Version 17
VisualStudioVersion = 17.1.32328.378
MinimumVisualStudioVersion = 10.0.40219.1
Project("{FAE04EC0-301F-11D3-BF4B-00C04F79EFBC}") = "CustomDataStructures", "CustomDataStructures\CustomDataStructures.csproj", "{4806282F-423E-4FDE-B267-02F896A5A796}"
EndProject
Global
	GlobalSection(SolutionConfigurationPlatforms) = preSolution
		Debug|Any CPU = Debug|Any CPU
		Release|Any CPU = Release|Any CPU
	EndGlobalSection
	GlobalSection(ProjectConfigurationPlatforms) = postSolution
		{4806282F-423E-4FDE-B267-02F896A5A796}.Debug|Any CPU.ActiveCfg = Debug|Any CPU
		{4806282F-423E-4FDE-B267-02F896A5A796}.Debug|Any CPU.Build.0 = Debug|Any CPU
		{4806282F-423E-4FDE-B267-02F896A5A796}.Release|Any CPU.ActiveCfg = Release|Any CPU
		{4806282F-423E-4FDE-B267-02F896A5A796}.Release|Any CPU.Build.0 = Release|Any CPU
	EndGlobalSection
	GlobalSection(SolutionProperties) = preSolution
		HideSolutionNode = FALSE
	EndGlobalSection
	GlobalSection(ExtensibilityGlobals) = postSolution
		SolutionGuid = {43F55D9E-326F-4163-9DFC-0E1CFD4F9013}
	EndGlobalSection
EndGlobal
