
Microsoft Visual Studio Solution File, Format Version 12.00
# Visual Studio Version 17
VisualStudioVersion = 17.1.32328.378
MinimumVisualStudioVersion = 10.0.40219.1
Project("{FAE04EC0-301F-11D3-BF4B-00C04F79EFBC}") = "P01. Diagonal Difference", "P01. Diagonal Difference\P01. Diagonal Difference.csproj", "{02F78822-75B0-4EE3-9CAA-42CA7969FD8C}"
EndProject
Project("{FAE04EC0-301F-11D3-BF4B-00C04F79EFBC}") = "P02.  2X2 Squares in Matrix", "..\P02.  2X2 Squares in Matrix\P02.  2X2 Squares in Matrix.csproj", "{DEA670C2-4A39-49C5-BE58-6FC83696CD03}"
EndProject
Project("{FAE04EC0-301F-11D3-BF4B-00C04F79EFBC}") = "P04. Matrix Shuffling", "..\P04. Matrix Shuffling\P04. Matrix Shuffling.csproj", "{035E815B-CC6E-4377-B570-FA2C9E1DA2C4}"
EndProject
Project("{FAE04EC0-301F-11D3-BF4B-00C04F79EFBC}") = "P05. Snake Moves", "..\P05. Snake Moves\P05. Snake Moves.csproj", "{81149B8C-68DE-4DB6-837D-C358A74E2931}"
EndProject
Global
	GlobalSection(SolutionConfigurationPlatforms) = preSolution
		Debug|Any CPU = Debug|Any CPU
		Release|Any CPU = Release|Any CPU
	EndGlobalSection
	GlobalSection(ProjectConfigurationPlatforms) = postSolution
		{02F78822-75B0-4EE3-9CAA-42CA7969FD8C}.Debug|Any CPU.ActiveCfg = Debug|Any CPU
		{02F78822-75B0-4EE3-9CAA-42CA7969FD8C}.Debug|Any CPU.Build.0 = Debug|Any CPU
		{02F78822-75B0-4EE3-9CAA-42CA7969FD8C}.Release|Any CPU.ActiveCfg = Release|Any CPU
		{02F78822-75B0-4EE3-9CAA-42CA7969FD8C}.Release|Any CPU.Build.0 = Release|Any CPU
		{DEA670C2-4A39-49C5-BE58-6FC83696CD03}.Debug|Any CPU.ActiveCfg = Debug|Any CPU
		{DEA670C2-4A39-49C5-BE58-6FC83696CD03}.Debug|Any CPU.Build.0 = Debug|Any CPU
		{DEA670C2-4A39-49C5-BE58-6FC83696CD03}.Release|Any CPU.ActiveCfg = Release|Any CPU
		{DEA670C2-4A39-49C5-BE58-6FC83696CD03}.Release|Any CPU.Build.0 = Release|Any CPU
		{035E815B-CC6E-4377-B570-FA2C9E1DA2C4}.Debug|Any CPU.ActiveCfg = Debug|Any CPU
		{035E815B-CC6E-4377-B570-FA2C9E1DA2C4}.Debug|Any CPU.Build.0 = Debug|Any CPU
		{035E815B-CC6E-4377-B570-FA2C9E1DA2C4}.Release|Any CPU.ActiveCfg = Release|Any CPU
		{035E815B-CC6E-4377-B570-FA2C9E1DA2C4}.Release|Any CPU.Build.0 = Release|Any CPU
		{81149B8C-68DE-4DB6-837D-C358A74E2931}.Debug|Any CPU.ActiveCfg = Debug|Any CPU
		{81149B8C-68DE-4DB6-837D-C358A74E2931}.Debug|Any CPU.Build.0 = Debug|Any CPU
		{81149B8C-68DE-4DB6-837D-C358A74E2931}.Release|Any CPU.ActiveCfg = Release|Any CPU
		{81149B8C-68DE-4DB6-837D-C358A74E2931}.Release|Any CPU.Build.0 = Release|Any CPU
	EndGlobalSection
	GlobalSection(SolutionProperties) = preSolution
		HideSolutionNode = FALSE
	EndGlobalSection
	GlobalSection(ExtensibilityGlobals) = postSolution
		SolutionGuid = {1FEE02C7-A89C-4EF7-833F-27477C8DA9D9}
	EndGlobalSection
EndGlobal
